<?xml version="1.0" encoding="utf-8"?>
<Project ToolsVersion="4.0" xmlns="http://schemas.microsoft.com/developer/msbuild/2003">
  <ItemGroup>
    <Filter Include="snownet-src">
      <UniqueIdentifier>{546fa1db-a18b-4c8c-a652-4008a1a47953}</UniqueIdentifier>
    </Filter>
    <Filter Include="service-src">
      <UniqueIdentifier>{2744682b-9fd9-4ba3-83f8-b6e21d09a3fc}</UniqueIdentifier>
    </Filter>
    <Filter Include="service">
      <UniqueIdentifier>{68498dba-4dd5-4732-a053-d3db7cd30ef7}</UniqueIdentifier>
    </Filter>
    <Filter Include="lualib-src">
      <UniqueIdentifier>{94bc6040-58b0-4aec-b572-8d78385bbb61}</UniqueIdentifier>
    </Filter>
    <Filter Include="examples">
      <UniqueIdentifier>{b41c32b0-fb07-4cbc-80c2-c87128ab4947}</UniqueIdentifier>
    </Filter>
    <Filter Include="test">
      <UniqueIdentifier>{64fa273a-e2b4-4166-8097-d5715cb95c4d}</UniqueIdentifier>
    </Filter>
    <Filter Include="res">
      <UniqueIdentifier>{c063b6e5-0277-4055-aca9-1bbbaedfa65a}</UniqueIdentifier>
    </Filter>
    <Filter Include="3rd">
      <UniqueIdentifier>{1772bad9-68ea-492a-8636-8950f949f356}</UniqueIdentifier>
    </Filter>
    <Filter Include="3rd\lua">
      <UniqueIdentifier>{71727fc6-70ea-4eca-b91b-6a5afb6e876a}</UniqueIdentifier>
    </Filter>
    <Filter Include="examples\login">
      <UniqueIdentifier>{f8fe38d4-5ab9-4957-b9e4-9fb7045b6ab1}</UniqueIdentifier>
    </Filter>
  </ItemGroup>
  <ItemGroup>
    <ClCompile Include="..\snownet-src\snownet_test.cc">
      <Filter>snownet-src</Filter>
    </ClCompile>
    <ClCompile Include="..\snownet-src\snownet_main.cc">
      <Filter>snownet-src</Filter>
    </ClCompile>
    <ClCompile Include="..\snownet-src\malloc_hook.cc">
      <Filter>snownet-src</Filter>
    </ClCompile>
    <ClCompile Include="..\snownet-src\snownet_env.cc">
      <Filter>snownet-src</Filter>
    </ClCompile>
    <ClCompile Include="..\snownet-src\snownet_handle.cc">
      <Filter>snownet-src</Filter>
    </ClCompile>
    <ClCompile Include="..\snownet-src\snownet_log.cc">
      <Filter>snownet-src</Filter>
    </ClCompile>
    <ClCompile Include="..\snownet-src\snownet_server.cc">
      <Filter>snownet-src</Filter>
    </ClCompile>
    <ClCompile Include="..\snownet-src\snownet_error.cc">
      <Filter>snownet-src</Filter>
    </ClCompile>
    <ClCompile Include="..\snownet-src\snownet_timer.cc">
      <Filter>snownet-src</Filter>
    </ClCompile>
    <ClCompile Include="..\snownet-src\snownet_mq.cc">
      <Filter>snownet-src</Filter>
    </ClCompile>
    <ClCompile Include="..\snownet-src\snownet_module.cc">
      <Filter>snownet-src</Filter>
    </ClCompile>
  </ItemGroup>
  <ItemGroup>
    <None Include="..\LICENSE">
      <Filter>res</Filter>
    </None>
    <None Include="..\Makefile">
      <Filter>res</Filter>
    </None>
    <None Include="..\platform.mk">
      <Filter>res</Filter>
    </None>
    <None Include="..\README.md">
      <Filter>res</Filter>
    </None>
    <None Include="..\examples\abort.lua">
      <Filter>examples</Filter>
    </None>
    <None Include="..\examples\agent.lua">
      <Filter>examples</Filter>
    </None>
    <None Include="..\examples\checkdeadloop.lua">
      <Filter>examples</Filter>
    </None>
    <None Include="..\examples\client.lua">
      <Filter>examples</Filter>
    </None>
    <None Include="..\examples\cluster1.lua">
      <Filter>examples</Filter>
    </None>
    <None Include="..\examples\cluster2.lua">
      <Filter>examples</Filter>
    </None>
    <None Include="..\examples\clustername.lua">
      <Filter>examples</Filter>
    </None>
    <None Include="..\examples\config">
      <Filter>examples</Filter>
    </None>
    <None Include="..\examples\config.c1">
      <Filter>examples</Filter>
    </None>
    <None Include="..\examples\config.c2">
      <Filter>examples</Filter>
    </None>
    <None Include="..\examples\config.login">
      <Filter>examples</Filter>
    </None>
    <None Include="..\examples\config.mc">
      <Filter>examples</Filter>
    </None>
    <None Include="..\examples\config.mongodb">
      <Filter>examples</Filter>
    </None>
    <None Include="..\examples\config.mysql">
      <Filter>examples</Filter>
    </None>
    <None Include="..\examples\config.path">
      <Filter>examples</Filter>
    </None>
    <None Include="..\examples\config.userlog">
      <Filter>examples</Filter>
    </None>
    <None Include="..\examples\config_log">
      <Filter>examples</Filter>
    </None>
    <None Include="..\examples\globallog.lua">
      <Filter>examples</Filter>
    </None>
    <None Include="..\examples\injectlaunch.lua">
      <Filter>examples</Filter>
    </None>
    <None Include="..\examples\main.lua">
      <Filter>examples</Filter>
    </None>
    <None Include="..\examples\main_log.lua">
      <Filter>examples</Filter>
    </None>
    <None Include="..\examples\main_mongodb.lua">
      <Filter>examples</Filter>
    </None>
    <None Include="..\examples\main_mysql.lua">
      <Filter>examples</Filter>
    </None>
    <None Include="..\examples\preload.lua">
      <Filter>examples</Filter>
    </None>
    <None Include="..\examples\proto.lua">
      <Filter>examples</Filter>
    </None>
    <None Include="..\examples\protoloader.lua">
      <Filter>examples</Filter>
    </None>
    <None Include="..\examples\share.lua">
      <Filter>examples</Filter>
    </None>
    <None Include="..\examples\simpledb.lua">
      <Filter>examples</Filter>
    </None>
    <None Include="..\examples\simplemonitor.lua">
      <Filter>examples</Filter>
    </None>
    <None Include="..\examples\simpleweb.lua">
      <Filter>examples</Filter>
    </None>
    <None Include="..\examples\userlog.lua">
      <Filter>examples</Filter>
    </None>
    <None Include="..\examples\watchdog.lua">
      <Filter>examples</Filter>
    </None>
    <None Include="..\examples\login\client.lua">
      <Filter>examples\login</Filter>
    </None>
    <None Include="..\examples\login\gated.lua">
      <Filter>examples\login</Filter>
    </None>
    <None Include="..\examples\login\logind.lua">
      <Filter>examples\login</Filter>
    </None>
    <None Include="..\examples\login\main.lua">
      <Filter>examples\login</Filter>
    </None>
    <None Include="..\examples\login\msgagent.lua">
      <Filter>examples\login</Filter>
    </None>
  </ItemGroup>
  <ItemGroup>
    <ClInclude Include="..\snownet-src\snownet_test.h">
      <Filter>snownet-src</Filter>
    </ClInclude>
    <ClInclude Include="..\snownet-src\atomic.h">
      <Filter>snownet-src</Filter>
    </ClInclude>
    <ClInclude Include="..\snownet-src\malloc_hook.h">
      <Filter>snownet-src</Filter>
    </ClInclude>
    <ClInclude Include="..\snownet-src\snownet.h">
      <Filter>snownet-src</Filter>
    </ClInclude>
    <ClInclude Include="..\snownet-src\snownet_malloc.h">
      <Filter>snownet-src</Filter>
    </ClInclude>
    <ClInclude Include="..\snownet-src\rwlock.h">
      <Filter>snownet-src</Filter>
    </ClInclude>
    <ClInclude Include="..\snownet-src\spinlock.h">
      <Filter>snownet-src</Filter>
    </ClInclude>
    <ClInclude Include="..\snownet-src\snownet_env.h">
      <Filter>snownet-src</Filter>
    </ClInclude>
    <ClInclude Include="..\3rd\lua-5.3.5\lauxlib.h">
      <Filter>3rd\lua</Filter>
    </ClInclude>
    <ClInclude Include="..\3rd\lua-5.3.5\lua.h">
      <Filter>3rd\lua</Filter>
    </ClInclude>
    <ClInclude Include="..\3rd\lua-5.3.5\lua.hpp">
      <Filter>3rd\lua</Filter>
    </ClInclude>
    <ClInclude Include="..\3rd\lua-5.3.5\luaconf.h">
      <Filter>3rd\lua</Filter>
    </ClInclude>
    <ClInclude Include="..\3rd\lua-5.3.5\lualib.h">
      <Filter>3rd\lua</Filter>
    </ClInclude>
    <ClInclude Include="..\snownet-src\snownet_imp.h">
      <Filter>snownet-src</Filter>
    </ClInclude>
    <ClInclude Include="..\snownet-src\snownet_handle.h">
      <Filter>snownet-src</Filter>
    </ClInclude>
    <ClInclude Include="..\snownet-src\snownet_log.h">
      <Filter>snownet-src</Filter>
    </ClInclude>
    <ClInclude Include="..\snownet-src\snownet_server.h">
      <Filter>snownet-src</Filter>
    </ClInclude>
    <ClInclude Include="..\snownet-src\snownet_timer.h">
      <Filter>snownet-src</Filter>
    </ClInclude>
    <ClInclude Include="..\snownet-src\snownet_mq.h">
      <Filter>snownet-src</Filter>
    </ClInclude>
    <ClInclude Include="..\snownet-src\snownet_module.h">
      <Filter>snownet-src</Filter>
    </ClInclude>
  </ItemGroup>
</Project>